# This file is automatically @generated by Cargo.
# It is not intended for manual editing.
version = 4

[[package]]
name = "audio-engine"
version = "0.1.0"

[[package]]
name = "exporter"
version = "0.1.0"

[[package]]
name = "gpu-smoke"
version = "0.1.0"

[[package]]
name = "particle-render"
version = "0.1.0"

[[package]]
name = "project-format"
version = "0.1.0"

[[package]]
name = "render-core"
version = "0.1.0"

[[package]]
name = "simulation"
version = "0.1.0"
